
Microsoft Visual Studio Solution File, Format Version 12.00
# Visual Studio Version 17
VisualStudioVersion = 17.7.34003.232
MinimumVisualStudioVersion = 10.0.40219.1
Project("{9A19103F-16F7-4668-BE54-9A1E7A4F7556}") = "NextPermutation", "NextPermutation\NextPermutation.csproj", "{2CF43744-5680-46FA-836B-BD8095A9781C}"
EndProject
Project("{FAE04EC0-301F-11D3-BF4B-00C04F79EFBC}") = "TestAPI", "TestAPI\TestAPI.csproj", "{76956CEB-0FBC-451C-8957-3B4A17587CC8}"
EndProject
Global
	GlobalSection(SolutionConfigurationPlatforms) = preSolution
		Debug|Any CPU = Debug|Any CPU
		Release|Any CPU = Release|Any CPU
	EndGlobalSection
	GlobalSection(ProjectConfigurationPlatforms) = postSolution
		{2CF43744-5680-46FA-836B-BD8095A9781C}.Debug|Any CPU.ActiveCfg = Debug|Any CPU
		{2CF43744-5680-46FA-836B-BD8095A9781C}.Debug|Any CPU.Build.0 = Debug|Any CPU
		{2CF43744-5680-46FA-836B-BD8095A9781C}.Release|Any CPU.ActiveCfg = Release|Any CPU
		{2CF43744-5680-46FA-836B-BD8095A9781C}.Release|Any CPU.Build.0 = Release|Any CPU
		{76956CEB-0FBC-451C-8957-3B4A17587CC8}.Debug|Any CPU.ActiveCfg = Debug|Any CPU
		{76956CEB-0FBC-451C-8957-3B4A17587CC8}.Debug|Any CPU.Build.0 = Debug|Any CPU
		{76956CEB-0FBC-451C-8957-3B4A17587CC8}.Release|Any CPU.ActiveCfg = Release|Any CPU
		{76956CEB-0FBC-451C-8957-3B4A17587CC8}.Release|Any CPU.Build.0 = Release|Any CPU
	EndGlobalSection
	GlobalSection(SolutionProperties) = preSolution
		HideSolutionNode = FALSE
	EndGlobalSection
	GlobalSection(ExtensibilityGlobals) = postSolution
		SolutionGuid = {6F578273-07CE-4EAC-BC6E-6984BAC32B68}
	EndGlobalSection
EndGlobal
